
Microsoft Visual Studio Solution File, Format Version 11.00
# Visual Studio 2010
Project("{FAE04EC0-301F-11D3-BF4B-00C04F79EFBC}") = "Model.IsValid", "Model.IsValid.csproj", "{41452236-54B9-4EF7-8B95-4F67ED045EE4}"
EndProject
Global
	GlobalSection(SolutionConfigurationPlatforms) = preSolution
		Debug|Any CPU = Debug|Any CPU 
		Release|Any CPU = Release|Any CPU 
	EndGlobalSection
	GlobalSection(ProjectConfigurationPlatforms) = postSolution
		{41452236-54B9-4EF7-8B95-4F67ED045EE4}.Debug|Any CPU.ActiveCfg = Debug|Any CPU 
		{41452236-54B9-4EF7-8B95-4F67ED045EE4}.Debug|Any CPU.Build.0 = Debug|Any CPU 
		{41452236-54B9-4EF7-8B95-4F67ED045EE4}.Release|Any CPU.ActiveCfg = Release|Any CPU 
		{41452236-54B9-4EF7-8B95-4F67ED045EE4}.Release|Any CPU.Build.0 = Release|Any CPU 
	EndGlobalSection
	GlobalSection(SolutionProperties) = preSolution
		HideSolutionNode = FALSE
	EndGlobalSection
EndGlobal
